
Microsoft Visual Studio Solution File, Format Version 12.00
# Visual Studio Version 16
VisualStudioVersion = 16.0.29728.190
MinimumVisualStudioVersion = 10.0.40219.1
Project("{9A19103F-16F7-4668-BE54-9A1E7A4F7556}") = "Selenium-ChromeDriver-76", "ConsoleApp1\Selenium-ChromeDriver-76.csproj", "{A17F1128-CCF9-42BD-ACEC-E509E09F7359}"
EndProject
Global
	GlobalSection(SolutionConfigurationPlatforms) = preSolution
		Debug|Any CPU = Debug|Any CPU
		Release|Any CPU = Release|Any CPU
	EndGlobalSection
	GlobalSection(ProjectConfigurationPlatforms) = postSolution
		{A17F1128-CCF9-42BD-ACEC-E509E09F7359}.Debug|Any CPU.ActiveCfg = Debug|Any CPU
		{A17F1128-CCF9-42BD-ACEC-E509E09F7359}.Debug|Any CPU.Build.0 = Debug|Any CPU
		{A17F1128-CCF9-42BD-ACEC-E509E09F7359}.Release|Any CPU.ActiveCfg = Release|Any CPU
		{A17F1128-CCF9-42BD-ACEC-E509E09F7359}.Release|Any CPU.Build.0 = Release|Any CPU
	EndGlobalSection
	GlobalSection(SolutionProperties) = preSolution
		HideSolutionNode = FALSE
	EndGlobalSection
	GlobalSection(ExtensibilityGlobals) = postSolution
		SolutionGuid = {C4D4D540-961E-4ED7-9AF1-E814BDEE282D}
	EndGlobalSection
EndGlobal
